// !$*UTF8*$!
{
	archiveVersion = 1;
	classes = {
	};
	objectVersion = 46;
	objects = {

/* Begin PBXBuildFile section */
		FF2096E91D9125CB007D39FE /* AppDelegate.swift in Sources */ = {isa = PBXBuildFile; fileRef = FF2096E81D9125CB007D39FE /* AppDelegate.swift */; };
		FF2096EB1D9125CB007D39FE /* ViewController.swift in Sources */ = {isa = PBXBuildFile; fileRef = FF2096EA1D9125CB007D39FE /* ViewController.swift */; };
		FF2096EE1D9125CB007D39FE /* Main.storyboard in Resources */ = {isa = PBXBuildFile; fileRef = FF2096EC1D9125CB007D39FE /* Main.storyboard */; };
		FF2096F11D9125CB007D39FE /* DYZB_XY.xcdatamodeld in Sources */ = {isa = PBXBuildFile; fileRef = FF2096EF1D9125CB007D39FE /* DYZB_XY.xcdatamodeld */; };
		FF2096F31D9125CB007D39FE /* Assets.xcassets in Resources */ = {isa = PBXBuildFile; fileRef = FF2096F21D9125CB007D39FE /* Assets.xcassets */; };
		FF2096F61D9125CB007D39FE /* LaunchScreen.storyboard in Resources */ = {isa = PBXBuildFile; fileRef = FF2096F41D9125CB007D39FE /* LaunchScreen.storyboard */; };
/* End PBXBuildFile section */

/* Begin PBXFileReference section */
		FF2096E51D9125CB007D39FE /* DYZB_XY.app */ = {isa = PBXFileReference; explicitFileType = wrapper.application; includeInIndex = 0; path = DYZB_XY.app; sourceTree = BUILT_PRODUCTS_DIR; };
		FF2096E81D9125CB007D39FE /* AppDelegate.swift */ = {isa = PBXFileReference; lastKnownFileType = sourcecode.swift; path = AppDelegate.swift; sourceTree = "<group>"; };
		FF2096EA1D9125CB007D39FE /* ViewController.swift */ = {isa = PBXFileReference; lastKnownFileType = sourcecode.swift; path = ViewController.swift; sourceTree = "<group>"; };
		FF2096ED1D9125CB007D39FE /* Base */ = {isa = PBXFileReference; lastKnownFileType = file.storyboard; name = Base; path = Base.lproj/Main.storyboard; sourceTree = "<group>"; };
		FF2096F01D9125CB007D39FE /* DYZB_XY.xcdatamodel */ = {isa = PBXFileReference; lastKnownFileType = wrapper.xcdatamodel; path = DYZB_XY.xcdatamodel; sourceTree = "<group>"; };
		FF2096F21D9125CB007D39FE /* Assets.xcassets */ = {isa = PBXFileReference; lastKnownFileType = folder.assetcatalog; path = Assets.xcassets; sourceTree = "<group>"; };
		FF2096F51D9125CB007D39FE /* Base */ = {isa = PBXFileReference; lastKnownFileType = file.storyboard; name = Base; path = Base.lproj/LaunchScreen.storyboard; sourceTree = "<group>"; };
		FF2096F71D9125CB007D39FE /* Info.plist */ = {isa = PBXFileReference; lastKnownFileType = text.plist.xml; path = Info.plist; sourceTree = "<group>"; };
/* End PBXFileReference section */

/* Begin PBXFrameworksBuildPhase section */
		FF2096E21D9125CB007D39FE /* Frameworks */ = {
			isa = PBXFrameworksBuildPhase;
			buildActionMask = 2147483647;
			files = (
			);
			runOnlyForDeploymentPostprocessing = 0;
		};
/* End PBXFrameworksBuildPhase section */

/* Begin PBXGroup section */
		FF2096DC1D9125CB007D39FE = {
			isa = PBXGroup;
			children = (
				FF2096E71D9125CB007D39FE /* DYZB_XY */,
				FF2096E61D9125CB007D39FE /* Products */,
			);
			sourceTree = "<group>";
		};
		FF2096E61D9125CB007D39FE /* Products */ = {
			isa = PBXGroup;
			children = (
				FF2096E51D9125CB007D39FE /* DYZB_XY.app */,
			);
			name = Products;
			sourceTree = "<group>";
		};
		FF2096E71D9125CB007D39FE /* DYZB_XY */ = {
			isa = PBXGroup;
			children = (
				FF2096E81D9125CB007D39FE /* AppDelegate.swift */,
				FF2096EA1D9125CB007D39FE /* ViewController.swift */,
				FF2096EC1D9125CB007D39FE /* Main.storyboard */,
				FF2096F21D9125CB007D39FE /* Assets.xcassets */,
				FF2096F41D9125CB007D39FE /* LaunchScreen.storyboard */,
				FF2096F71D9125CB007D39FE /* Info.plist */,
				FF2096EF1D9125CB007D39FE /* DYZB_XY.xcdatamodeld */,
			);
			path = DYZB_XY;
			sourceTree = "<group>";
		};
/* End PBXGroup section */

/* Begin PBXNativeTarget section */
		FF2096E41D9125CB007D39FE /* DYZB_XY */ = {
			isa = PBXNativeTarget;
			buildConfigurationList = FF2096FA1D9125CB007D39FE /* Build configuration list for PBXNativeTarget "DYZB_XY" */;
			buildPhases = (
				FF2096E11D9125CB007D39FE /* Sources */,
				FF2096E21D9125CB007D39FE /* Frameworks */,
				FF2096E31D9125CB007D39FE /* Resources */,
			);
			buildRules = (
			);
			dependencies = (
			);
			name = DYZB_XY;
			productName = DYZB_XY;
			productReference = FF2096E51D9125CB007D39FE /* DYZB_XY.app */;
			productType = "com.apple.product-type.application";
		};
/* End PBXNativeTarget section */

/* Begin PBXProject section */
		FF2096DD1D9125CB007D39FE /* Project object */ = {
			isa = PBXProject;
			attributes = {
				LastSwiftUpdateCheck = 0800;
				LastUpgradeCheck = 0800;
				ORGANIZATIONNAME = xuyu;
				TargetAttributes = {
					FF2096E41D9125CB007D39FE = {
						CreatedOnToolsVersion = 8.0;
						ProvisioningStyle = Automatic;
					};
				};
			};
			buildConfigurationList = FF2096E01D9125CB007D39FE /* Build configuration list for PBXProject "DYZB_XY" */;
			compatibilityVersion = "Xcode 3.2";
			developmentRegion = English;
			hasScannedForEncodings = 0;
			knownRegions = (
				en,
				Base,
			);
			mainGroup = FF2096DC1D9125CB007D39FE;
			productRefGroup = FF2096E61D9125CB007D39FE /* Products */;
			projectDirPath = "";
			projectRoot = "";
			targets = (
				FF2096E41D9125CB007D39FE /* DYZB_XY */,
			);
		};
/* End PBXProject section */

/* Begin PBXResourcesBuildPhase section */
		FF2096E31D9125CB007D39FE /* Resources */ = {
			isa = PBXResourcesBuildPhase;
			buildActionMask = 2147483647;
			files = (
				FF2096F61D9125CB007D39FE /* LaunchScreen.storyboard in Resources */,
				FF2096F31D9125CB007D39FE /* Assets.xcassets in Resources */,
				FF2096EE1D9125CB007D39FE /* Main.storyboard in Resources */,
			);
			runOnlyForDeploymentPostprocessing = 0;
		};
/* End PBXResourcesBuildPhase section */

/* Begin PBXSourcesBuildPhase section */
		FF2096E11D9125CB007D39FE /* Sources */ = {
			isa = PBXSourcesBuildPhase;
			buildActionMask = 2147483647;
			files = (
				FF2096F11D9125CB007D39FE /* DYZB_XY.xcdatamodeld in Sources */,
				FF2096EB1D9125CB007D39FE /* ViewController.swift in Sources */,
				FF2096E91D9125CB007D39FE /* AppDelegate.swift in Sources */,
			);
			runOnlyForDeploymentPostprocessing = 0;
		};
/* End PBXSourcesBuildPhase section */

/* Begin PBXVariantGroup section */
		FF2096EC1D9125CB007D39FE /* Main.storyboard */ = {
			isa = PBXVariantGroup;
			children = (
				FF2096ED1D9125CB007D39FE /* Base */,
			);
			name = Main.storyboard;
			sourceTree = "<group>";
		};
		FF2096F41D9125CB007D39FE /* LaunchScreen.storyboard */ = {
			isa = PBXVariantGroup;
			children = (
				FF2096F51D9125CB007D39FE /* Base */,
			);
			name = LaunchScreen.storyboard;
			sourceTree = "<group>";
		};
/* End PBXVariantGroup section */

/* Begin XCBuildConfiguration section */
		FF2096F81D9125CB007D39FE /* Debug */ = {
			isa = XCBuildConfiguration;
			buildSettings = {
				ALWAYS_SEARCH_USER_PATHS = NO;
				CLANG_ANALYZER_NONNULL = YES;
				CLANG_CXX_LANGUAGE_STANDARD = "gnu++0x";
				CLANG_CXX_LIBRARY = "libc++";
				CLANG_ENABLE_MODULES = YES;
				CLANG_ENABLE_OBJC_ARC = YES;
				CLANG_WARN_BOOL_CONVERSION = YES;
				CLANG_WARN_CONSTANT_CONVERSION = YES;
				CLANG_WARN_DIRECT_OBJC_ISA_USAGE = YES_ERROR;
				CLANG_WARN_DOCUMENTATION_COMMENTS = YES;
				CLANG_WARN_EMPTY_BODY = YES;
				CLANG_WARN_ENUM_CONVERSION = YES;
				CLANG_WARN_INFINITE_RECURSION = YES;
				CLANG_WARN_INT_CONVERSION = YES;
				CLANG_WARN_OBJC_ROOT_CLASS = YES_ERROR;
				CLANG_WARN_SUSPICIOUS_MOVES = YES;
				CLANG_WARN_UNREACHABLE_CODE = YES;
				CLANG_WARN__DUPLICATE_METHOD_MATCH = YES;
				"CODE_SIGN_IDENTITY[sdk=iphoneos*]" = "iPhone Developer";
				COPY_PHASE_STRIP = NO;
				DEBUG_INFORMATION_FORMAT = dwarf;
				ENABLE_STRICT_OBJC_MSGSEND = YES;
				ENABLE_TESTABILITY = YES;
				GCC_C_LANGUAGE_STANDARD = gnu99;
				GCC_DYNAMIC_NO_PIC = NO;
				GCC_NO_COMMON_BLOCKS = YES;
				GCC_OPTIMIZATION_LEVEL = 0;
				GCC_PREPROCESSOR_DEFINITIONS = (
					"DEBUG=1",
					"$(inherited)",
				);
				GCC_WARN_64_TO_32_BIT_CONVERSION = YES;
				GCC_WARN_ABOUT_RETURN_TYPE = YES_ERROR;
				GCC_WARN_UNDECLARED_SELECTOR = YES;
				GCC_WARN_UNINITIALIZED_AUTOS = YES_AGGRESSIVE;
				GCC_WARN_UNUSED_FUNCTION = YES;
				GCC_WARN_UNUSED_VARIABLE = YES;
				IPHONEOS_DEPLOYMENT_TARGET = 10.0;
				MTL_ENABLE_DEBUG_INFO = YES;
				ONLY_ACTIVE_ARCH = YES;
				SDKROOT = iphoneos;
				SWIFT_ACTIVE_COMPILATION_CONDITIONS = DEBUG;
				SWIFT_OPTIMIZATION_LEVEL = "-Onone";
			};
			name = Debug;
		};
		FF2096F91D9125CB007D39FE /* Release */ = {
			isa = XCBuildConfiguration;
			buildSettings = {
				ALWAYS_SEARCH_USER_PATHS = NO;
				CLANG_ANALYZER_NONNULL = YES;
				CLANG_CXX_LANGUAGE_STANDARD = "gnu++0x";
				CLANG_CXX_LIBRARY = "libc++";
				CLANG_ENABLE_MODULES = YES;
				CLANG_ENABLE_OBJC_ARC = YES;
				CLANG_WARN_BOOL_CONVERSION = YES;
				CLANG_WARN_CONSTANT_CONVERSION = YES;
				CLANG_WARN_DIRECT_OBJC_ISA_USAGE = YES_ERROR;
				CLANG_WARN_DOCUMENTATION_COMMENTS = YES;
				CLANG_WARN_EMPTY_BODY = YES;
				CLANG_WARN_ENUM_CONVERSION = YES;
				CLANG_WARN_INFINITE_RECURSION = YES;
				CLANG_WARN_INT_CONVERSION = YES;
				CLANG_WARN_OBJC_ROOT_CLASS = YES_ERROR;
				CLANG_WARN_SUSPICIOUS_MOVES = YES;
				CLANG_WARN_UNREACHABLE_CODE = YES;
				CLANG_WARN__DUPLICATE_METHOD_MATCH = YES;
				"CODE_SIGN_IDENTITY[sdk=iphoneos*]" = "iPhone Developer";
				COPY_PHASE_STRIP = NO;
				DEBUG_INFORMATION_FORMAT = "dwarf-with-dsym";
				ENABLE_NS_ASSERTIONS = NO;
				ENABLE_STRICT_OBJC_MSGSEND = YES;
				GCC_C_LANGUAGE_STANDARD = gnu99;
				GCC_NO_COMMON_BLOCKS = YES;
				GCC_WARN_64_TO_32_BIT_CONVERSION = YES;
				GCC_WARN_ABOUT_RETURN_TYPE = YES_ERROR;
				GCC_WARN_UNDECLARED_SELECTOR = YES;
				GCC_WARN_UNINITIALIZED_AUTOS = YES_AGGRESSIVE;
				GCC_WARN_UNUSED_FUNCTION = YES;
				GCC_WARN_UNUSED_VARIABLE = YES;
				IPHONEOS_DEPLOYMENT_TARGET = 10.0;
				MTL_ENABLE_DEBUG_INFO = NO;
				SDKROOT = iphoneos;
				SWIFT_OPTIMIZATION_LEVEL = "-Owholemodule";
				VALIDATE_PRODUCT = YES;
			};
			name = Release;
		};
		FF2096FB1D9125CB007D39FE /* Debug */ = {
			isa = XCBuildConfiguration;
			buildSettings = {
				ASSETCATALOG_COMPILER_APPICON_NAME = AppIcon;
				INFOPLIST_FILE = DYZB_XY/Info.plist;
				LD_RUNPATH_SEARCH_PATHS = "$(inherited) @executable_path/Frameworks";
				PRODUCT_BUNDLE_IDENTIFIER = "com.cdcd.www.DYZB-XY";
				PRODUCT_NAME = "$(TARGET_NAME)";
				SWIFT_VERSION = 3.0;
			};
			name = Debug;
		};
		FF2096FC1D9125CB007D39FE /* Release */ = {
			isa = XCBuildConfiguration;
			buildSettings = {
				ASSETCATALOG_COMPILER_APPICON_NAME = AppIcon;
				INFOPLIST_FILE = DYZB_XY/Info.plist;
				LD_RUNPATH_SEARCH_PATHS = "$(inherited) @executable_path/Frameworks";
				PRODUCT_BUNDLE_IDENTIFIER = "com.cdcd.www.DYZB-XY";
				PRODUCT_NAME = "$(TARGET_NAME)";
				SWIFT_VERSION = 3.0;
			};
			name = Release;
		};
/* End XCBuildConfiguration section */

/* Begin XCConfigurationList section */
		FF2096E01D9125CB007D39FE /* Build configuration list for PBXProject "DYZB_XY" */ = {
			isa = XCConfigurationList;
			buildConfigurations = (
				FF2096F81D9125CB007D39FE /* Debug */,
				FF2096F91D9125CB007D39FE /* Release */,
			);
			defaultConfigurationIsVisible = 0;
			defaultConfigurationName = Release;
		};
		FF2096FA1D9125CB007D39FE /* Build configuration list for PBXNativeTarget "DYZB_XY" */ = {
			isa = XCConfigurationList;
			buildConfigurations = (
				FF2096FB1D9125CB007D39FE /* Debug */,
				FF2096FC1D9125CB007D39FE /* Release */,
			);
			defaultConfigurationIsVisible = 0;
		};
/* End XCConfigurationList section */

/* Begin XCVersionGroup section */
		FF2096EF1D9125CB007D39FE /* DYZB_XY.xcdatamodeld */ = {
			isa = XCVersionGroup;
			children = (
				FF2096F01D9125CB007D39FE /* DYZB_XY.xcdatamodel */,
			);
			currentVersion = FF2096F01D9125CB007D39FE /* DYZB_XY.xcdatamodel */;
			path = DYZB_XY.xcdatamodeld;
			sourceTree = "<group>";
			versionGroupType = wrapper.xcdatamodel;
		};
/* End XCVersionGroup section */
	};
	rootObject = FF2096DD1D9125CB007D39FE /* Project object */;
}
